
Microsoft Visual Studio Solution File, Format Version 12.00
# Visual Studio Version 18
VisualStudioVersion = 18.4.11626.88
MinimumVisualStudioVersion = 10.0.40219.1
Project("{FAE04EC0-301F-11D3-BF4B-00C04F79EFBC}") = "TrainTicketing.Api", "TrainTicketing.Api\TrainTicketing.Api.csproj", "{CDDB30B2-2D66-4121-B891-1AD12999233E}"
EndProject
Project("{FAE04EC0-301F-11D3-BF4B-00C04F79EFBC}") = "TrainTicketing", "TrainTicketing\TrainTicketing.csproj", "{62BDFCA5-34F5-4314-8DDE-71D29B1A1C16}"
EndProject
Project("{FAE04EC0-301F-11D3-BF4B-00C04F79EFBC}") = "TrainTicketing.Contracts", "TrainTicketing.Contracts\TrainTicketing.Contracts.csproj", "{EFCFE1E9-6CB6-497F-B147-0267547BA261}"
EndProject
Project("{FAE04EC0-301F-11D3-BF4B-00C04F79EFBC}") = "TrainTicketing.Tests", "TrainTicketing.Tests\TrainTicketing.Tests.csproj", "{F77CAEEB-AE2E-4527-A7F4-C6FBABD8DA16}"
EndProject
Project("{FAE04EC0-301F-11D3-BF4B-00C04F79EFBC}") = "E2E", "E2E\E2E.csproj", "{CCC6555F-FF7A-46FA-AD8D-F6AB75D9AC4B}"
EndProject
Project("{FAE04EC0-301F-11D3-BF4B-00C04F79EFBC}") = "TrainTicketing.Notification.Api", "TrainTicketing.Notification.Api\TrainTicketing.Notification.Api.csproj", "{5B0ED7C0-3E33-4B2A-9E33-513ACD40D3E0}"
EndProject
Project("{FAE04EC0-301F-11D3-BF4B-00C04F79EFBC}") = "TrainTicketing.Reporting.Api", "TrainTicketing.Reporting.Api\TrainTicketing.Reporting.Api.csproj", "{38EB7E7F-CA80-4A25-9023-5F1C04EE5CB0}"
EndProject
Global
	GlobalSection(SolutionConfigurationPlatforms) = preSolution
		Debug|Any CPU = Debug|Any CPU
		Release|Any CPU = Release|Any CPU
	EndGlobalSection
	GlobalSection(ProjectConfigurationPlatforms) = postSolution
		{CDDB30B2-2D66-4121-B891-1AD12999233E}.Debug|Any CPU.ActiveCfg = Debug|Any CPU
		{CDDB30B2-2D66-4121-B891-1AD12999233E}.Debug|Any CPU.Build.0 = Debug|Any CPU
		{CDDB30B2-2D66-4121-B891-1AD12999233E}.Release|Any CPU.ActiveCfg = Release|Any CPU
		{CDDB30B2-2D66-4121-B891-1AD12999233E}.Release|Any CPU.Build.0 = Release|Any CPU
		{62BDFCA5-34F5-4314-8DDE-71D29B1A1C16}.Debug|Any CPU.ActiveCfg = Debug|Any CPU
		{62BDFCA5-34F5-4314-8DDE-71D29B1A1C16}.Debug|Any CPU.Build.0 = Debug|Any CPU
		{62BDFCA5-34F5-4314-8DDE-71D29B1A1C16}.Release|Any CPU.ActiveCfg = Release|Any CPU
		{62BDFCA5-34F5-4314-8DDE-71D29B1A1C16}.Release|Any CPU.Build.0 = Release|Any CPU
		{EFCFE1E9-6CB6-497F-B147-0267547BA261}.Debug|Any CPU.ActiveCfg = Debug|Any CPU
		{EFCFE1E9-6CB6-497F-B147-0267547BA261}.Debug|Any CPU.Build.0 = Debug|Any CPU
		{EFCFE1E9-6CB6-497F-B147-0267547BA261}.Release|Any CPU.ActiveCfg = Release|Any CPU
		{EFCFE1E9-6CB6-497F-B147-0267547BA261}.Release|Any CPU.Build.0 = Release|Any CPU
		{F77CAEEB-AE2E-4527-A7F4-C6FBABD8DA16}.Debug|Any CPU.ActiveCfg = Debug|Any CPU
		{F77CAEEB-AE2E-4527-A7F4-C6FBABD8DA16}.Debug|Any CPU.Build.0 = Debug|Any CPU
		{F77CAEEB-AE2E-4527-A7F4-C6FBABD8DA16}.Release|Any CPU.ActiveCfg = Release|Any CPU
		{F77CAEEB-AE2E-4527-A7F4-C6FBABD8DA16}.Release|Any CPU.Build.0 = Release|Any CPU
		{CCC6555F-FF7A-46FA-AD8D-F6AB75D9AC4B}.Debug|Any CPU.ActiveCfg = Debug|Any CPU
		{CCC6555F-FF7A-46FA-AD8D-F6AB75D9AC4B}.Debug|Any CPU.Build.0 = Debug|Any CPU
		{CCC6555F-FF7A-46FA-AD8D-F6AB75D9AC4B}.Release|Any CPU.ActiveCfg = Release|Any CPU
		{CCC6555F-FF7A-46FA-AD8D-F6AB75D9AC4B}.Release|Any CPU.Build.0 = Release|Any CPU
		{5B0ED7C0-3E33-4B2A-9E33-513ACD40D3E0}.Debug|Any CPU.ActiveCfg = Debug|Any CPU
		{5B0ED7C0-3E33-4B2A-9E33-513ACD40D3E0}.Debug|Any CPU.Build.0 = Debug|Any CPU
		{5B0ED7C0-3E33-4B2A-9E33-513ACD40D3E0}.Release|Any CPU.ActiveCfg = Release|Any CPU
		{5B0ED7C0-3E33-4B2A-9E33-513ACD40D3E0}.Release|Any CPU.Build.0 = Release|Any CPU
		{38EB7E7F-CA80-4A25-9023-5F1C04EE5CB0}.Debug|Any CPU.ActiveCfg = Debug|Any CPU
		{38EB7E7F-CA80-4A25-9023-5F1C04EE5CB0}.Debug|Any CPU.Build.0 = Debug|Any CPU
		{38EB7E7F-CA80-4A25-9023-5F1C04EE5CB0}.Release|Any CPU.ActiveCfg = Release|Any CPU
		{38EB7E7F-CA80-4A25-9023-5F1C04EE5CB0}.Release|Any CPU.Build.0 = Release|Any CPU
	EndGlobalSection
	GlobalSection(SolutionProperties) = preSolution
		HideSolutionNode = FALSE
	EndGlobalSection
	GlobalSection(ExtensibilityGlobals) = postSolution
		SolutionGuid = {03557189-9A3C-4327-8267-78FA28B0B6C7}
	EndGlobalSection
EndGlobal
